
Microsoft Visual Studio Solution File, Format Version 12.00
# Visual Studio 15
Project("{FAE04EC0-301F-11D3-BF4B-00C04F79EFBC}") = "Assembly-CSharp", "Assembly-CSharp.csproj", "{50F7ECD3-6903-EA5C-7AA8-97325BA61527}"
EndProject
Project("{FAE04EC0-301F-11D3-BF4B-00C04F79EFBC}") = "Assembly-CSharp-Editor", "Assembly-CSharp-Editor.csproj", "{5AFA2B99-6218-AA01-4443-D77E1CF835B6}"
EndProject
Global
	GlobalSection(SolutionConfigurationPlatforms) = preSolution
		Debug|Any CPU = Debug|Any CPU
		Release|Any CPU = Release|Any CPU
	EndGlobalSection
	GlobalSection(ProjectConfigurationPlatforms) = postSolution
		{50F7ECD3-6903-EA5C-7AA8-97325BA61527}.Debug|Any CPU.ActiveCfg = Debug|Any CPU
		{50F7ECD3-6903-EA5C-7AA8-97325BA61527}.Debug|Any CPU.Build.0 = Debug|Any CPU
		{50F7ECD3-6903-EA5C-7AA8-97325BA61527}.Release|Any CPU.ActiveCfg = Release|Any CPU
		{50F7ECD3-6903-EA5C-7AA8-97325BA61527}.Release|Any CPU.Build.0 = Release|Any CPU
		{5AFA2B99-6218-AA01-4443-D77E1CF835B6}.Debug|Any CPU.ActiveCfg = Debug|Any CPU
		{5AFA2B99-6218-AA01-4443-D77E1CF835B6}.Debug|Any CPU.Build.0 = Debug|Any CPU
		{5AFA2B99-6218-AA01-4443-D77E1CF835B6}.Release|Any CPU.ActiveCfg = Release|Any CPU
		{5AFA2B99-6218-AA01-4443-D77E1CF835B6}.Release|Any CPU.Build.0 = Release|Any CPU
	EndGlobalSection
	GlobalSection(SolutionProperties) = preSolution
		HideSolutionNode = FALSE
	EndGlobalSection
EndGlobal
